
Microsoft Visual Studio Solution File, Format Version 12.00
# Visual Studio 15
VisualStudioVersion = 15.0.26730.16
MinimumVisualStudioVersion = 10.0.40219.1
Project("{FAE04EC0-301F-11D3-BF4B-00C04F79EFBC}") = "Company Roster", "Company Roster.csproj", "{23BB42D8-2C94-4BD0-A214-514C1B2A2323}"
EndProject
Global
	GlobalSection(SolutionConfigurationPlatforms) = preSolution
		Debug|Any CPU = Debug|Any CPU
		Release|Any CPU = Release|Any CPU
	EndGlobalSection
	GlobalSection(ProjectConfigurationPlatforms) = postSolution
		{23BB42D8-2C94-4BD0-A214-514C1B2A2323}.Debug|Any CPU.ActiveCfg = Debug|Any CPU
		{23BB42D8-2C94-4BD0-A214-514C1B2A2323}.Debug|Any CPU.Build.0 = Debug|Any CPU
		{23BB42D8-2C94-4BD0-A214-514C1B2A2323}.Release|Any CPU.ActiveCfg = Release|Any CPU
		{23BB42D8-2C94-4BD0-A214-514C1B2A2323}.Release|Any CPU.Build.0 = Release|Any CPU
	EndGlobalSection
	GlobalSection(SolutionProperties) = preSolution
		HideSolutionNode = FALSE
	EndGlobalSection
	GlobalSection(ExtensibilityGlobals) = postSolution
		SolutionGuid = {A7AA8650-3539-4920-8132-9E470A1065E1}
	EndGlobalSection
EndGlobal
